
Microsoft Visual Studio Solution File, Format Version 11.00
# Visual Studio 2010
Project("{8BC9CEB8-8B4A-11D0-8D11-00A0C91BC942}") = "jhmi", "jhmi\jhmi.vcxproj", "{E7D196D1-F7B3-44DC-9E5A-2F85A1BA7F2D}"
EndProject
Project("{8BC9CEB8-8B4A-11D0-8D11-00A0C91BC942}") = "wave-demo", "wave-demo\wave-demo.vcxproj", "{74A2D8F4-B9AD-4AA1-9EC5-2E1E51023C99}"
EndProject
Project("{8BC9CEB8-8B4A-11D0-8D11-00A0C91BC942}") = "perf_test", "perf_test\perf_test.vcxproj", "{1189B345-1AC7-49F0-A5F7-CC02E08019B2}"
EndProject
Global
	GlobalSection(SolutionConfigurationPlatforms) = preSolution
		Debug|Win32 = Debug|Win32
		Release|Win32 = Release|Win32
	EndGlobalSection
	GlobalSection(ProjectConfigurationPlatforms) = postSolution
		{E7D196D1-F7B3-44DC-9E5A-2F85A1BA7F2D}.Debug|Win32.ActiveCfg = Debug|Win32
		{E7D196D1-F7B3-44DC-9E5A-2F85A1BA7F2D}.Debug|Win32.Build.0 = Debug|Win32
		{E7D196D1-F7B3-44DC-9E5A-2F85A1BA7F2D}.Release|Win32.ActiveCfg = Release|Win32
		{E7D196D1-F7B3-44DC-9E5A-2F85A1BA7F2D}.Release|Win32.Build.0 = Release|Win32
		{74A2D8F4-B9AD-4AA1-9EC5-2E1E51023C99}.Debug|Win32.ActiveCfg = Debug|Win32
		{74A2D8F4-B9AD-4AA1-9EC5-2E1E51023C99}.Debug|Win32.Build.0 = Debug|Win32
		{74A2D8F4-B9AD-4AA1-9EC5-2E1E51023C99}.Release|Win32.ActiveCfg = Release|Win32
		{74A2D8F4-B9AD-4AA1-9EC5-2E1E51023C99}.Release|Win32.Build.0 = Release|Win32
		{1189B345-1AC7-49F0-A5F7-CC02E08019B2}.Debug|Win32.ActiveCfg = Debug|Win32
		{1189B345-1AC7-49F0-A5F7-CC02E08019B2}.Debug|Win32.Build.0 = Debug|Win32
		{1189B345-1AC7-49F0-A5F7-CC02E08019B2}.Release|Win32.ActiveCfg = Release|Win32
		{1189B345-1AC7-49F0-A5F7-CC02E08019B2}.Release|Win32.Build.0 = Release|Win32
	EndGlobalSection
	GlobalSection(SolutionProperties) = preSolution
		HideSolutionNode = FALSE
	EndGlobalSection
	GlobalSection(ExtensibilityGlobals) = postSolution
		QtVersion = $(DefaultQtVersion)
	EndGlobalSection
EndGlobal
